<?xml version="1.0" encoding="utf-8"?>
<Project ToolsVersion="4.0" xmlns="http://schemas.microsoft.com/developer/msbuild/2003">
  <ItemGroup>
    <Filter Include="ソース ファイル">
      <UniqueIdentifier>{4FC737F1-C7A5-4376-A066-2A32D752A2FF}</UniqueIdentifier>
      <Extensions>cpp;c;cc;cxx;c++;cppm;ixx;def;odl;idl;hpj;bat;asm;asmx</Extensions>
    </Filter>
    <Filter Include="ソース ファイル\Math">
      <UniqueIdentifier>{d4f1b5c1-8d70-4240-935b-16ab3c1a171e}</UniqueIdentifier>
    </Filter>
    <Filter Include="ソース ファイル\Math\Matrix">
      <UniqueIdentifier>{f69f2826-6b78-4f40-9e58-451ff3e51bdd}</UniqueIdentifier>
    </Filter>
    <Filter Include="ソース ファイル\Math\Transform">
      <UniqueIdentifier>{4dde8dfa-6d46-4137-8441-9f67fcc2ff1d}</UniqueIdentifier>
    </Filter>
    <Filter Include="ソース ファイル\Math\Quaternion">
      <UniqueIdentifier>{68e406ae-48d4-4a0e-94ba-d693f04df91f}</UniqueIdentifier>
    </Filter>
    <Filter Include="ソース ファイル\Math\Vector">
      <UniqueIdentifier>{725b8c33-b013-4d07-9adc-4cf4cd260d8e}</UniqueIdentifier>
    </Filter>
    <Filter Include="ソース ファイル\Math\Vector\Vector3">
      <UniqueIdentifier>{d5b78a3b-8e7a-4c83-adc8-5a478737e692}</UniqueIdentifier>
    </Filter>
    <Filter Include="ソース ファイル\Math\Vector\Vector2">
      <UniqueIdentifier>{2cf85b58-2375-4a9d-bd36-67956039d106}</UniqueIdentifier>
    </Filter>
    <Filter Include="ソース ファイル\Math\Vector\SIMD">
      <UniqueIdentifier>{ac986da4-1212-45ca-8221-38fc85a64235}</UniqueIdentifier>
    </Filter>
    <Filter Include="ソース ファイル\Constant">
      <UniqueIdentifier>{f2f4ecd9-312d-4b08-b09f-2c23fa77beab}</UniqueIdentifier>
    </Filter>
    <Filter Include="ソース ファイル\Constant\SceneConstant">
      <UniqueIdentifier>{8dbc5f87-bc00-4468-90e6-6264df801cb3}</UniqueIdentifier>
    </Filter>
    <Filter Include="ソース ファイル\Scene">
      <UniqueIdentifier>{3c076684-83bd-482c-b2a1-5aa3843e2c78}</UniqueIdentifier>
    </Filter>
    <Filter Include="ソース ファイル\Scene\Bases">
      <UniqueIdentifier>{28b93ae5-2911-4d0e-b41d-f556bb47cfe4}</UniqueIdentifier>
    </Filter>
    <Filter Include="ソース ファイル\Scene\DebugScene">
      <UniqueIdentifier>{ea56655f-939c-490c-91cf-4a334eec6e1a}</UniqueIdentifier>
    </Filter>
    <Filter Include="ソース ファイル\Application">
      <UniqueIdentifier>{94890f4f-0b7f-4a0c-a788-d799bc4082a5}</UniqueIdentifier>
    </Filter>
    <Filter Include="ソース ファイル\Constant\SystemConstant">
      <UniqueIdentifier>{dc672660-815c-44d8-80ca-9f9b37c2f997}</UniqueIdentifier>
    </Filter>
  </ItemGroup>
  <ItemGroup>
    <ClCompile Include="main.cpp">
      <Filter>ソース ファイル</Filter>
    </ClCompile>
    <ClCompile Include="Codes\Math\Vector\Vector2\Vector2.cpp">
      <Filter>ソース ファイル\Math\Vector\Vector2</Filter>
    </ClCompile>
    <ClCompile Include="Codes\Math\Vector\SIMD\SIMDVectorMath.cpp">
      <Filter>ソース ファイル\Math\Vector\SIMD</Filter>
    </ClCompile>
    <ClCompile Include="Codes\Scene\Bases\SceneFactory.cpp">
      <Filter>ソース ファイル\Scene\Bases</Filter>
    </ClCompile>
    <ClCompile Include="Codes\Scene\Bases\SceneManager.cpp">
      <Filter>ソース ファイル\Scene\Bases</Filter>
    </ClCompile>
    <ClCompile Include="Codes\Scene\DebugScene\ChooseDebugScene.cpp">
      <Filter>ソース ファイル\Scene\DebugScene</Filter>
    </ClCompile>
    <ClCompile Include="Codes\Scene\DebugScene\HashinoDebugScene.cpp">
      <Filter>ソース ファイル\Scene\DebugScene</Filter>
    </ClCompile>
    <ClCompile Include="Codes\Scene\DebugScene\ItouDebugScene.cpp">
      <Filter>ソース ファイル\Scene\DebugScene</Filter>
    </ClCompile>
    <ClCompile Include="Codes\Scene\DebugScene\MizushimaDebugScene.cpp">
      <Filter>ソース ファイル\Scene\DebugScene</Filter>
    </ClCompile>
    <ClCompile Include="Codes\Scene\DebugScene\TamuraDebugScene.cpp">
      <Filter>ソース ファイル\Scene\DebugScene</Filter>
    </ClCompile>
    <ClCompile Include="Codes\Application\Application.cpp">
      <Filter>ソース ファイル\Application</Filter>
    </ClCompile>
  </ItemGroup>
  <ItemGroup>
    <ClInclude Include="Codes\Math\Vector\Vector2\Vector2.h">
      <Filter>ソース ファイル\Math\Vector\Vector2</Filter>
    </ClInclude>
    <ClInclude Include="Codes\Math\Vector\SIMD\SIMDVector.h">
      <Filter>ソース ファイル\Math\Vector\SIMD</Filter>
    </ClInclude>
    <ClInclude Include="Codes\Math\Vector\SIMD\SIMDVectorMath.h">
      <Filter>ソース ファイル\Math\Vector\SIMD</Filter>
    </ClInclude>
    <ClInclude Include="Codes\Constant\SceneConstant\SceneConstant.h">
      <Filter>ソース ファイル\Constant\SceneConstant</Filter>
    </ClInclude>
    <ClInclude Include="Codes\Scene\Bases\SceneBase.h">
      <Filter>ソース ファイル\Scene\Bases</Filter>
    </ClInclude>
    <ClInclude Include="Codes\Scene\Bases\SceneFactory.h">
      <Filter>ソース ファイル\Scene\Bases</Filter>
    </ClInclude>
    <ClInclude Include="Codes\Scene\Bases\SceneManager.h">
      <Filter>ソース ファイル\Scene\Bases</Filter>
    </ClInclude>
    <ClInclude Include="Codes\Scene\DebugScene\ChooseDebugScene.h">
      <Filter>ソース ファイル\Scene\DebugScene</Filter>
    </ClInclude>
    <ClInclude Include="Codes\Scene\DebugScene\HashinoDebugScene.h">
      <Filter>ソース ファイル\Scene\DebugScene</Filter>
    </ClInclude>
    <ClInclude Include="Codes\Scene\DebugScene\ItouDebugScene.h">
      <Filter>ソース ファイル\Scene\DebugScene</Filter>
    </ClInclude>
    <ClInclude Include="Codes\Scene\DebugScene\MizushimaDebugScene.h">
      <Filter>ソース ファイル\Scene\DebugScene</Filter>
    </ClInclude>
    <ClInclude Include="Codes\Scene\DebugScene\TamuraDebugScene.h">
      <Filter>ソース ファイル\Scene\DebugScene</Filter>
    </ClInclude>
    <ClInclude Include="Codes\Constant\SystemConstant\SystemConstant.h">
      <Filter>ソース ファイル\Constant\SystemConstant</Filter>
    </ClInclude>
    <ClInclude Include="Codes\Application\Application.h">
      <Filter>ソース ファイル\Application</Filter>
    </ClInclude>
  </ItemGroup>
</Project>